{
  "name": "handlebar-lezer",
  "version": "0.1.0",
  "lockfileVersion": 3,
  "requires": true,
  "packages": {
    "": {
      "name": "handlebar-lezer",
      "version": "0.1.0",
      "dependencies": {
        "@lezer/lr": "^1.0.0"
      },
      "devDependencies": {
        "@lezer/generator": "^1.0.0"
      }
    },
    "node_modules/@lezer/common": {
      "version": "1.2.1",
      "resolved": "https://registry.npmjs.org/@lezer/common/-/common-1.2.1.tgz",
      "integrity": "sha512-yemX0ZD2xS/73llMZIK6KplkjIjf2EvAHcinDi/TfJ9hS25G0388+ClHt6/3but0oOxinTcQHJLDXh6w1crzFQ=="
    },
    "node_modules/@lezer/generator": {
      "version": "1.7.1",
      "resolved": "https://registry.npmjs.org/@lezer/generator/-/generator-1.7.1.tgz",
      "integrity": "sha512-MgPJN9Si+ccxzXl3OAmCeZuUKw4XiPl4y664FX/hnnyG9CTqUPq65N3/VGPA2jD23D7QgMTtNqflta+cPN+5mQ==",
      "dev": true,
      "dependencies": {
        "@lezer/common": "^1.1.0",
        "@lezer/lr": "^1.3.0"
      },
      "bin": {
        "lezer-generator": "src/lezer-generator.cjs"
      }
    },
    "node_modules/@lezer/lr": {
      "version": "1.4.1",
      "resolved": "https://registry.npmjs.org/@lezer/lr/-/lr-1.4.1.tgz",
      "integrity": "sha512-CHsKq8DMKBf9b3yXPDIU4DbH+ZJd/sJdYOW2llbW/HudP5u0VS6Bfq1hLYfgU7uAYGFIyGGQIsSOXGPEErZiJw==",
      "dependencies": {
        "@lezer/common": "^1.0.0"
      }
    }
  }
}
